
Microsoft Visual Studio Solution File, Format Version 12.00
# Visual Studio 15
Project("{FAE04EC0-301F-11D3-BF4B-00C04F79EFBC}") = "Assembly-CSharp", "Assembly-CSharp.csproj", "{92429256-18FE-EBD3-231A-59824138C548}"
EndProject
Project("{FAE04EC0-301F-11D3-BF4B-00C04F79EFBC}") = "Unity.XR.Interaction.Toolkit.Samples.StarterAssets.Editor", "Unity.XR.Interaction.Toolkit.Samples.StarterAssets.Editor.csproj", "{BB6C6A0D-8807-FAF8-9C8F-573008BEEAC1}"
EndProject
Project("{FAE04EC0-301F-11D3-BF4B-00C04F79EFBC}") = "Unity.XR.Interaction.Toolkit.Samples.StarterAssets", "Unity.XR.Interaction.Toolkit.Samples.StarterAssets.csproj", "{3B2F8AE7-922E-30F8-4361-F24560A3B76B}"
EndProject
Global
	GlobalSection(SolutionConfigurationPlatforms) = preSolution
		Debug|Any CPU = Debug|Any CPU
		Release|Any CPU = Release|Any CPU
	EndGlobalSection
	GlobalSection(ProjectConfigurationPlatforms) = postSolution
		{92429256-18FE-EBD3-231A-59824138C548}.Debug|Any CPU.ActiveCfg = Debug|Any CPU
		{92429256-18FE-EBD3-231A-59824138C548}.Debug|Any CPU.Build.0 = Debug|Any CPU
		{92429256-18FE-EBD3-231A-59824138C548}.Release|Any CPU.ActiveCfg = Release|Any CPU
		{92429256-18FE-EBD3-231A-59824138C548}.Release|Any CPU.Build.0 = Release|Any CPU
		{BB6C6A0D-8807-FAF8-9C8F-573008BEEAC1}.Debug|Any CPU.ActiveCfg = Debug|Any CPU
		{BB6C6A0D-8807-FAF8-9C8F-573008BEEAC1}.Debug|Any CPU.Build.0 = Debug|Any CPU
		{BB6C6A0D-8807-FAF8-9C8F-573008BEEAC1}.Release|Any CPU.ActiveCfg = Release|Any CPU
		{BB6C6A0D-8807-FAF8-9C8F-573008BEEAC1}.Release|Any CPU.Build.0 = Release|Any CPU
		{3B2F8AE7-922E-30F8-4361-F24560A3B76B}.Debug|Any CPU.ActiveCfg = Debug|Any CPU
		{3B2F8AE7-922E-30F8-4361-F24560A3B76B}.Debug|Any CPU.Build.0 = Debug|Any CPU
		{3B2F8AE7-922E-30F8-4361-F24560A3B76B}.Release|Any CPU.ActiveCfg = Release|Any CPU
		{3B2F8AE7-922E-30F8-4361-F24560A3B76B}.Release|Any CPU.Build.0 = Release|Any CPU
	EndGlobalSection
	GlobalSection(SolutionProperties) = preSolution
		HideSolutionNode = FALSE
	EndGlobalSection
EndGlobal
